
Microsoft Visual Studio Solution File, Format Version 12.00
# Visual Studio Version 17
VisualStudioVersion = 17.2.32516.85
MinimumVisualStudioVersion = 10.0.40219.1
Project("{FAE04EC0-301F-11D3-BF4B-00C04F79EFBC}") = "PickRandomCard", "PickRandomCard\PickRandomCard.csproj", "{F8ED4CCB-2DF6-4E85-9135-60AC13517E22}"
EndProject
Global
	GlobalSection(SolutionConfigurationPlatforms) = preSolution
		Debug|Any CPU = Debug|Any CPU
		Release|Any CPU = Release|Any CPU
	EndGlobalSection
	GlobalSection(ProjectConfigurationPlatforms) = postSolution
		{F8ED4CCB-2DF6-4E85-9135-60AC13517E22}.Debug|Any CPU.ActiveCfg = Debug|Any CPU
		{F8ED4CCB-2DF6-4E85-9135-60AC13517E22}.Debug|Any CPU.Build.0 = Debug|Any CPU
		{F8ED4CCB-2DF6-4E85-9135-60AC13517E22}.Release|Any CPU.ActiveCfg = Release|Any CPU
		{F8ED4CCB-2DF6-4E85-9135-60AC13517E22}.Release|Any CPU.Build.0 = Release|Any CPU
	EndGlobalSection
	GlobalSection(SolutionProperties) = preSolution
		HideSolutionNode = FALSE
	EndGlobalSection
	GlobalSection(ExtensibilityGlobals) = postSolution
		SolutionGuid = {B2386528-0BBC-460E-9665-C46134A92009}
	EndGlobalSection
EndGlobal
